// !$*UTF8*$!
{
	archiveVersion = 1;
	classes = {
	};
	objectVersion = 46;
	objects = {

/* Begin PBXBuildFile section */
		390D4B6B1EF62428008369D3 /* AppDelegate.swift in Sources */ = {isa = PBXBuildFile; fileRef = 390D4B6A1EF62428008369D3 /* AppDelegate.swift */; };
		390D4B6D1EF62428008369D3 /* ViewController.swift in Sources */ = {isa = PBXBuildFile; fileRef = 390D4B6C1EF62428008369D3 /* ViewController.swift */; };
		390D4B701EF62428008369D3 /* Main.storyboard in Resources */ = {isa = PBXBuildFile; fileRef = 390D4B6E1EF62428008369D3 /* Main.storyboard */; };
		390D4B721EF62428008369D3 /* Assets.xcassets in Resources */ = {isa = PBXBuildFile; fileRef = 390D4B711EF62428008369D3 /* Assets.xcassets */; };
		390D4B751EF62428008369D3 /* LaunchScreen.storyboard in Resources */ = {isa = PBXBuildFile; fileRef = 390D4B731EF62428008369D3 /* LaunchScreen.storyboard */; };
		392055861EFA675500E77D0C /* Package.swift in Sources */ = {isa = PBXBuildFile; fileRef = 392055851EFA675500E77D0C /* Package.swift */; };
		394254221EF627B2004BD81F /* XYZ.swift in Sources */ = {isa = PBXBuildFile; fileRef = 394254211EF627B2004BD81F /* XYZ.swift */; };
		39BBFE1E1EFA3D5100FB23E3 /* Identity.swift in Sources */ = {isa = PBXBuildFile; fileRef = 39BBFE1D1EFA3D5100FB23E3 /* Identity.swift */; };
/* End PBXBuildFile section */

/* Begin PBXFileReference section */
		390D4B671EF62428008369D3 /* MousyiOSApp.app */ = {isa = PBXFileReference; explicitFileType = wrapper.application; includeInIndex = 0; path = MousyiOSApp.app; sourceTree = BUILT_PRODUCTS_DIR; };
		390D4B6A1EF62428008369D3 /* AppDelegate.swift */ = {isa = PBXFileReference; lastKnownFileType = sourcecode.swift; path = AppDelegate.swift; sourceTree = "<group>"; };
		390D4B6C1EF62428008369D3 /* ViewController.swift */ = {isa = PBXFileReference; lastKnownFileType = sourcecode.swift; path = ViewController.swift; sourceTree = "<group>"; };
		390D4B6F1EF62428008369D3 /* Base */ = {isa = PBXFileReference; lastKnownFileType = file.storyboard; name = Base; path = Base.lproj/Main.storyboard; sourceTree = "<group>"; };
		390D4B711EF62428008369D3 /* Assets.xcassets */ = {isa = PBXFileReference; lastKnownFileType = folder.assetcatalog; path = Assets.xcassets; sourceTree = "<group>"; };
		390D4B741EF62428008369D3 /* Base */ = {isa = PBXFileReference; lastKnownFileType = file.storyboard; name = Base; path = Base.lproj/LaunchScreen.storyboard; sourceTree = "<group>"; };
		390D4B761EF62428008369D3 /* Info.plist */ = {isa = PBXFileReference; lastKnownFileType = text.plist.xml; path = Info.plist; sourceTree = "<group>"; };
		392055851EFA675500E77D0C /* Package.swift */ = {isa = PBXFileReference; fileEncoding = 4; lastKnownFileType = sourcecode.swift; name = Package.swift; path = ../Package.swift; sourceTree = "<group>"; };
		394254211EF627B2004BD81F /* XYZ.swift */ = {isa = PBXFileReference; fileEncoding = 4; lastKnownFileType = sourcecode.swift; name = XYZ.swift; path = ../XYZ.swift; sourceTree = "<group>"; };
		39BBFE1D1EFA3D5100FB23E3 /* Identity.swift */ = {isa = PBXFileReference; fileEncoding = 4; lastKnownFileType = sourcecode.swift; name = Identity.swift; path = ../Identity.swift; sourceTree = "<group>"; };
/* End PBXFileReference section */

/* Begin PBXFrameworksBuildPhase section */
		390D4B641EF62428008369D3 /* Frameworks */ = {
			isa = PBXFrameworksBuildPhase;
			buildActionMask = 2147483647;
			files = (
			);
			runOnlyForDeploymentPostprocessing = 0;
		};
/* End PBXFrameworksBuildPhase section */

/* Begin PBXGroup section */
		390D4B5E1EF62428008369D3 = {
			isa = PBXGroup;
			children = (
				39BBFE1D1EFA3D5100FB23E3 /* Identity.swift */,
				394254211EF627B2004BD81F /* XYZ.swift */,
				392055851EFA675500E77D0C /* Package.swift */,
				390D4B691EF62428008369D3 /* MousyiOSApp */,
				390D4B681EF62428008369D3 /* Products */,
			);
			sourceTree = "<group>";
		};
		390D4B681EF62428008369D3 /* Products */ = {
			isa = PBXGroup;
			children = (
				390D4B671EF62428008369D3 /* MousyiOSApp.app */,
			);
			name = Products;
			sourceTree = "<group>";
		};
		390D4B691EF62428008369D3 /* MousyiOSApp */ = {
			isa = PBXGroup;
			children = (
				390D4B6A1EF62428008369D3 /* AppDelegate.swift */,
				390D4B6C1EF62428008369D3 /* ViewController.swift */,
				390D4B6E1EF62428008369D3 /* Main.storyboard */,
				390D4B711EF62428008369D3 /* Assets.xcassets */,
				390D4B731EF62428008369D3 /* LaunchScreen.storyboard */,
				390D4B761EF62428008369D3 /* Info.plist */,
			);
			path = MousyiOSApp;
			sourceTree = "<group>";
		};
/* End PBXGroup section */

/* Begin PBXNativeTarget section */
		390D4B661EF62428008369D3 /* MousyiOSApp */ = {
			isa = PBXNativeTarget;
			buildConfigurationList = 390D4B791EF62428008369D3 /* Build configuration list for PBXNativeTarget "MousyiOSApp" */;
			buildPhases = (
				390D4B631EF62428008369D3 /* Sources */,
				390D4B641EF62428008369D3 /* Frameworks */,
				390D4B651EF62428008369D3 /* Resources */,
			);
			buildRules = (
			);
			dependencies = (
			);
			name = MousyiOSApp;
			productName = MousyiOSApp;
			productReference = 390D4B671EF62428008369D3 /* MousyiOSApp.app */;
			productType = "com.apple.product-type.application";
		};
/* End PBXNativeTarget section */

/* Begin PBXProject section */
		390D4B5F1EF62428008369D3 /* Project object */ = {
			isa = PBXProject;
			attributes = {
				LastSwiftUpdateCheck = 0830;
				LastUpgradeCheck = 0830;
				ORGANIZATIONNAME = "Ege Aydin";
				TargetAttributes = {
					390D4B661EF62428008369D3 = {
						CreatedOnToolsVersion = 8.3.2;
						DevelopmentTeam = MD353U6L7M;
						ProvisioningStyle = Automatic;
					};
				};
			};
			buildConfigurationList = 390D4B621EF62428008369D3 /* Build configuration list for PBXProject "MousyiOSApp" */;
			compatibilityVersion = "Xcode 3.2";
			developmentRegion = English;
			hasScannedForEncodings = 0;
			knownRegions = (
				en,
				Base,
			);
			mainGroup = 390D4B5E1EF62428008369D3;
			productRefGroup = 390D4B681EF62428008369D3 /* Products */;
			projectDirPath = "";
			projectRoot = "";
			targets = (
				390D4B661EF62428008369D3 /* MousyiOSApp */,
			);
		};
/* End PBXProject section */

/* Begin PBXResourcesBuildPhase section */
		390D4B651EF62428008369D3 /* Resources */ = {
			isa = PBXResourcesBuildPhase;
			buildActionMask = 2147483647;
			files = (
				390D4B751EF62428008369D3 /* LaunchScreen.storyboard in Resources */,
				390D4B721EF62428008369D3 /* Assets.xcassets in Resources */,
				390D4B701EF62428008369D3 /* Main.storyboard in Resources */,
			);
			runOnlyForDeploymentPostprocessing = 0;
		};
/* End PBXResourcesBuildPhase section */

/* Begin PBXSourcesBuildPhase section */
		390D4B631EF62428008369D3 /* Sources */ = {
			isa = PBXSourcesBuildPhase;
			buildActionMask = 2147483647;
			files = (
				390D4B6D1EF62428008369D3 /* ViewController.swift in Sources */,
				392055861EFA675500E77D0C /* Package.swift in Sources */,
				394254221EF627B2004BD81F /* XYZ.swift in Sources */,
				390D4B6B1EF62428008369D3 /* AppDelegate.swift in Sources */,
				39BBFE1E1EFA3D5100FB23E3 /* Identity.swift in Sources */,
			);
			runOnlyForDeploymentPostprocessing = 0;
		};
/* End PBXSourcesBuildPhase section */

/* Begin PBXVariantGroup section */
		390D4B6E1EF62428008369D3 /* Main.storyboard */ = {
			isa = PBXVariantGroup;
			children = (
				390D4B6F1EF62428008369D3 /* Base */,
			);
			name = Main.storyboard;
			sourceTree = "<group>";
		};
		390D4B731EF62428008369D3 /* LaunchScreen.storyboard */ = {
			isa = PBXVariantGroup;
			children = (
				390D4B741EF62428008369D3 /* Base */,
			);
			name = LaunchScreen.storyboard;
			sourceTree = "<group>";
		};
/* End PBXVariantGroup section */

/* Begin XCBuildConfiguration section */
		390D4B771EF62428008369D3 /* Debug */ = {
			isa = XCBuildConfiguration;
			buildSettings = {
				ALWAYS_SEARCH_USER_PATHS = NO;
				CLANG_ANALYZER_NONNULL = YES;
				CLANG_ANALYZER_NUMBER_OBJECT_CONVERSION = YES_AGGRESSIVE;
				CLANG_CXX_LANGUAGE_STANDARD = "gnu++0x";
				CLANG_CXX_LIBRARY = "libc++";
				CLANG_ENABLE_MODULES = YES;
				CLANG_ENABLE_OBJC_ARC = YES;
				CLANG_WARN_BOOL_CONVERSION = YES;
				CLANG_WARN_CONSTANT_CONVERSION = YES;
				CLANG_WARN_DIRECT_OBJC_ISA_USAGE = YES_ERROR;
				CLANG_WARN_DOCUMENTATION_COMMENTS = YES;
				CLANG_WARN_EMPTY_BODY = YES;
				CLANG_WARN_ENUM_CONVERSION = YES;
				CLANG_WARN_INFINITE_RECURSION = YES;
				CLANG_WARN_INT_CONVERSION = YES;
				CLANG_WARN_OBJC_ROOT_CLASS = YES_ERROR;
				CLANG_WARN_SUSPICIOUS_MOVE = YES;
				CLANG_WARN_UNREACHABLE_CODE = YES;
				CLANG_WARN__DUPLICATE_METHOD_MATCH = YES;
				"CODE_SIGN_IDENTITY[sdk=iphoneos*]" = "iPhone Developer";
				COPY_PHASE_STRIP = NO;
				DEBUG_INFORMATION_FORMAT = dwarf;
				ENABLE_STRICT_OBJC_MSGSEND = YES;
				ENABLE_TESTABILITY = YES;
				GCC_C_LANGUAGE_STANDARD = gnu99;
				GCC_DYNAMIC_NO_PIC = NO;
				GCC_NO_COMMON_BLOCKS = YES;
				GCC_OPTIMIZATION_LEVEL = 0;
				GCC_PREPROCESSOR_DEFINITIONS = (
					"DEBUG=1",
					"$(inherited)",
				);
				GCC_WARN_64_TO_32_BIT_CONVERSION = YES;
				GCC_WARN_ABOUT_RETURN_TYPE = YES_ERROR;
				GCC_WARN_UNDECLARED_SELECTOR = YES;
				GCC_WARN_UNINITIALIZED_AUTOS = YES_AGGRESSIVE;
				GCC_WARN_UNUSED_FUNCTION = YES;
				GCC_WARN_UNUSED_VARIABLE = YES;
				IPHONEOS_DEPLOYMENT_TARGET = 10.3;
				MTL_ENABLE_DEBUG_INFO = YES;
				ONLY_ACTIVE_ARCH = YES;
				SDKROOT = iphoneos;
				SWIFT_ACTIVE_COMPILATION_CONDITIONS = DEBUG;
				SWIFT_OPTIMIZATION_LEVEL = "-Onone";
			};
			name = Debug;
		};
		390D4B781EF62428008369D3 /* Release */ = {
			isa = XCBuildConfiguration;
			buildSettings = {
				ALWAYS_SEARCH_USER_PATHS = NO;
				CLANG_ANALYZER_NONNULL = YES;
				CLANG_ANALYZER_NUMBER_OBJECT_CONVERSION = YES_AGGRESSIVE;
				CLANG_CXX_LANGUAGE_STANDARD = "gnu++0x";
				CLANG_CXX_LIBRARY = "libc++";
				CLANG_ENABLE_MODULES = YES;
				CLANG_ENABLE_OBJC_ARC = YES;
				CLANG_WARN_BOOL_CONVERSION = YES;
				CLANG_WARN_CONSTANT_CONVERSION = YES;
				CLANG_WARN_DIRECT_OBJC_ISA_USAGE = YES_ERROR;
				CLANG_WARN_DOCUMENTATION_COMMENTS = YES;
				CLANG_WARN_EMPTY_BODY = YES;
				CLANG_WARN_ENUM_CONVERSION = YES;
				CLANG_WARN_INFINITE_RECURSION = YES;
				CLANG_WARN_INT_CONVERSION = YES;
				CLANG_WARN_OBJC_ROOT_CLASS = YES_ERROR;
				CLANG_WARN_SUSPICIOUS_MOVE = YES;
				CLANG_WARN_UNREACHABLE_CODE = YES;
				CLANG_WARN__DUPLICATE_METHOD_MATCH = YES;
				"CODE_SIGN_IDENTITY[sdk=iphoneos*]" = "iPhone Developer";
				COPY_PHASE_STRIP = NO;
				DEBUG_INFORMATION_FORMAT = "dwarf-with-dsym";
				ENABLE_NS_ASSERTIONS = NO;
				ENABLE_STRICT_OBJC_MSGSEND = YES;
				GCC_C_LANGUAGE_STANDARD = gnu99;
				GCC_NO_COMMON_BLOCKS = YES;
				GCC_WARN_64_TO_32_BIT_CONVERSION = YES;
				GCC_WARN_ABOUT_RETURN_TYPE = YES_ERROR;
				GCC_WARN_UNDECLARED_SELECTOR = YES;
				GCC_WARN_UNINITIALIZED_AUTOS = YES_AGGRESSIVE;
				GCC_WARN_UNUSED_FUNCTION = YES;
				GCC_WARN_UNUSED_VARIABLE = YES;
				IPHONEOS_DEPLOYMENT_TARGET = 10.3;
				MTL_ENABLE_DEBUG_INFO = NO;
				SDKROOT = iphoneos;
				SWIFT_OPTIMIZATION_LEVEL = "-Owholemodule";
				VALIDATE_PRODUCT = YES;
			};
			name = Release;
		};
		390D4B7A1EF62428008369D3 /* Debug */ = {
			isa = XCBuildConfiguration;
			buildSettings = {
				ASSETCATALOG_COMPILER_APPICON_NAME = AppIcon;
				DEVELOPMENT_TEAM = MD353U6L7M;
				INFOPLIST_FILE = MousyiOSApp/Info.plist;
				LD_RUNPATH_SEARCH_PATHS = "$(inherited) @executable_path/Frameworks";
				PRODUCT_BUNDLE_IDENTIFIER = mousy.app.MousyiOSApp;
				PRODUCT_NAME = "$(TARGET_NAME)";
				SWIFT_VERSION = 3.0;
			};
			name = Debug;
		};
		390D4B7B1EF62428008369D3 /* Release */ = {
			isa = XCBuildConfiguration;
			buildSettings = {
				ASSETCATALOG_COMPILER_APPICON_NAME = AppIcon;
				DEVELOPMENT_TEAM = MD353U6L7M;
				INFOPLIST_FILE = MousyiOSApp/Info.plist;
				LD_RUNPATH_SEARCH_PATHS = "$(inherited) @executable_path/Frameworks";
				PRODUCT_BUNDLE_IDENTIFIER = mousy.app.MousyiOSApp;
				PRODUCT_NAME = "$(TARGET_NAME)";
				SWIFT_VERSION = 3.0;
			};
			name = Release;
		};
/* End XCBuildConfiguration section */

/* Begin XCConfigurationList section */
		390D4B621EF62428008369D3 /* Build configuration list for PBXProject "MousyiOSApp" */ = {
			isa = XCConfigurationList;
			buildConfigurations = (
				390D4B771EF62428008369D3 /* Debug */,
				390D4B781EF62428008369D3 /* Release */,
			);
			defaultConfigurationIsVisible = 0;
			defaultConfigurationName = Release;
		};
		390D4B791EF62428008369D3 /* Build configuration list for PBXNativeTarget "MousyiOSApp" */ = {
			isa = XCConfigurationList;
			buildConfigurations = (
				390D4B7A1EF62428008369D3 /* Debug */,
				390D4B7B1EF62428008369D3 /* Release */,
			);
			defaultConfigurationIsVisible = 0;
			defaultConfigurationName = Release;
		};
/* End XCConfigurationList section */
	};
	rootObject = 390D4B5F1EF62428008369D3 /* Project object */;
}
